
Microsoft Visual Studio Solution File, Format Version 12.00
# Visual Studio Version 17
VisualStudioVersion = 17.3.32929.385
MinimumVisualStudioVersion = 10.0.40219.1
Project("{FAE04EC0-301F-11D3-BF4B-00C04F79EFBC}") = "Calificacion", "Calificacion\Calificacion.csproj", "{F02DD2E6-6A24-40D7-8B50-A2B2BBCDDF15}"
EndProject
Global
	GlobalSection(SolutionConfigurationPlatforms) = preSolution
		Debug|Any CPU = Debug|Any CPU
		Release|Any CPU = Release|Any CPU
	EndGlobalSection
	GlobalSection(ProjectConfigurationPlatforms) = postSolution
		{F02DD2E6-6A24-40D7-8B50-A2B2BBCDDF15}.Debug|Any CPU.ActiveCfg = Debug|Any CPU
		{F02DD2E6-6A24-40D7-8B50-A2B2BBCDDF15}.Debug|Any CPU.Build.0 = Debug|Any CPU
		{F02DD2E6-6A24-40D7-8B50-A2B2BBCDDF15}.Release|Any CPU.ActiveCfg = Release|Any CPU
		{F02DD2E6-6A24-40D7-8B50-A2B2BBCDDF15}.Release|Any CPU.Build.0 = Release|Any CPU
	EndGlobalSection
	GlobalSection(SolutionProperties) = preSolution
		HideSolutionNode = FALSE
	EndGlobalSection
	GlobalSection(ExtensibilityGlobals) = postSolution
		SolutionGuid = {BD468FD4-42AC-4AEA-BC3B-E1F543A9F64F}
	EndGlobalSection
EndGlobal
